// !$*UTF8*$!
{
	archiveVersion = 1;
	classes = {
	};
	objectVersion = 56;
	objects = {

/* Begin PBXBuildFile section */
		0A3910552B829F6100A7D5E3 /* BlurredBackground.swift in Sources */ = {isa = PBXBuildFile; fileRef = 0A3910542B829F6100A7D5E3 /* BlurredBackground.swift */; };
		0A40163E2B75B44D00B610F3 /* SlideEyeApp.swift in Sources */ = {isa = PBXBuildFile; fileRef = 0A40163D2B75B44D00B610F3 /* SlideEyeApp.swift */; };
		0A4016402B75B44D00B610F3 /* ContentView.swift in Sources */ = {isa = PBXBuildFile; fileRef = 0A40163F2B75B44D00B610F3 /* ContentView.swift */; };
		0A4016422B75B44F00B610F3 /* Assets.xcassets in Resources */ = {isa = PBXBuildFile; fileRef = 0A4016412B75B44F00B610F3 /* Assets.xcassets */; };
		0A4016452B75B44F00B610F3 /* Preview Assets.xcassets in Resources */ = {isa = PBXBuildFile; fileRef = 0A4016442B75B44F00B610F3 /* Preview Assets.xcassets */; };
		0A40164C2B75B70900B610F3 /* ProfilePicture.swift in Sources */ = {isa = PBXBuildFile; fileRef = 0A40164B2B75B70900B610F3 /* ProfilePicture.swift */; };
		0A40164E2B75B7FB00B610F3 /* MapView.swift in Sources */ = {isa = PBXBuildFile; fileRef = 0A40164D2B75B7FB00B610F3 /* MapView.swift */; };
		0A4016502B75BA6A00B610F3 /* FalloffImage.swift in Sources */ = {isa = PBXBuildFile; fileRef = 0A40164F2B75BA6A00B610F3 /* FalloffImage.swift */; };
		0A4A90A42B8485410002BBC9 /* NotesWidget.swift in Sources */ = {isa = PBXBuildFile; fileRef = 0A4A90A32B8485400002BBC9 /* NotesWidget.swift */; };
		0A4A90A72B848FAA0002BBC9 /* NotesPage.swift in Sources */ = {isa = PBXBuildFile; fileRef = 0A4A90A62B848FAA0002BBC9 /* NotesPage.swift */; };
		0A4A90A92B896A460002BBC9 /* ClockWidget.swift in Sources */ = {isa = PBXBuildFile; fileRef = 0A4A90A82B896A460002BBC9 /* ClockWidget.swift */; };
		0A67013E2B828A3D0055113F /* FavoriteButton.swift in Sources */ = {isa = PBXBuildFile; fileRef = 0A67013D2B828A3D0055113F /* FavoriteButton.swift */; };
		0AB2F2A92B7D84E0006DEF00 /* FriendsData.json in Resources */ = {isa = PBXBuildFile; fileRef = 0AB2F2A82B7D84E0006DEF00 /* FriendsData.json */; };
		0AB2F2AB2B7D85AB006DEF00 /* Friend.swift in Sources */ = {isa = PBXBuildFile; fileRef = 0AB2F2AA2B7D85AB006DEF00 /* Friend.swift */; };
		0AB2F2AF2B7D876B006DEF00 /* ModelData.swift in Sources */ = {isa = PBXBuildFile; fileRef = 0AB2F2AE2B7D876B006DEF00 /* ModelData.swift */; };
		0AB2F2B52B7D883E006DEF00 /* FriendRow.swift in Sources */ = {isa = PBXBuildFile; fileRef = 0AB2F2B42B7D883E006DEF00 /* FriendRow.swift */; };
		0AB2F2B72B7D8936006DEF00 /* FriendsList.swift in Sources */ = {isa = PBXBuildFile; fileRef = 0AB2F2B62B7D8936006DEF00 /* FriendsList.swift */; };
		0AB2F2B92B7D8A28006DEF00 /* FriendDetail.swift in Sources */ = {isa = PBXBuildFile; fileRef = 0AB2F2B82B7D8A28006DEF00 /* FriendDetail.swift */; };
/* End PBXBuildFile section */

/* Begin PBXFileReference section */
		0A3910542B829F6100A7D5E3 /* BlurredBackground.swift */ = {isa = PBXFileReference; lastKnownFileType = sourcecode.swift; path = BlurredBackground.swift; sourceTree = "<group>"; };
		0A40163A2B75B44D00B610F3 /* SlideEye.app */ = {isa = PBXFileReference; explicitFileType = wrapper.application; includeInIndex = 0; path = SlideEye.app; sourceTree = BUILT_PRODUCTS_DIR; };
		0A40163D2B75B44D00B610F3 /* SlideEyeApp.swift */ = {isa = PBXFileReference; lastKnownFileType = sourcecode.swift; path = SlideEyeApp.swift; sourceTree = "<group>"; };
		0A40163F2B75B44D00B610F3 /* ContentView.swift */ = {isa = PBXFileReference; lastKnownFileType = sourcecode.swift; path = ContentView.swift; sourceTree = "<group>"; };
		0A4016412B75B44F00B610F3 /* Assets.xcassets */ = {isa = PBXFileReference; lastKnownFileType = folder.assetcatalog; path = Assets.xcassets; sourceTree = "<group>"; };
		0A4016442B75B44F00B610F3 /* Preview Assets.xcassets */ = {isa = PBXFileReference; lastKnownFileType = folder.assetcatalog; path = "Preview Assets.xcassets"; sourceTree = "<group>"; };
		0A40164B2B75B70900B610F3 /* ProfilePicture.swift */ = {isa = PBXFileReference; lastKnownFileType = sourcecode.swift; path = ProfilePicture.swift; sourceTree = "<group>"; };
		0A40164D2B75B7FB00B610F3 /* MapView.swift */ = {isa = PBXFileReference; lastKnownFileType = sourcecode.swift; path = MapView.swift; sourceTree = "<group>"; };
		0A40164F2B75BA6A00B610F3 /* FalloffImage.swift */ = {isa = PBXFileReference; lastKnownFileType = sourcecode.swift; path = FalloffImage.swift; sourceTree = "<group>"; };
		0A4A90A32B8485400002BBC9 /* NotesWidget.swift */ = {isa = PBXFileReference; lastKnownFileType = sourcecode.swift; path = NotesWidget.swift; sourceTree = "<group>"; };
		0A4A90A62B848FAA0002BBC9 /* NotesPage.swift */ = {isa = PBXFileReference; lastKnownFileType = sourcecode.swift; path = NotesPage.swift; sourceTree = "<group>"; };
		0A4A90A82B896A460002BBC9 /* ClockWidget.swift */ = {isa = PBXFileReference; lastKnownFileType = sourcecode.swift; path = ClockWidget.swift; sourceTree = "<group>"; };
		0A67013D2B828A3D0055113F /* FavoriteButton.swift */ = {isa = PBXFileReference; lastKnownFileType = sourcecode.swift; path = FavoriteButton.swift; sourceTree = "<group>"; };
		0AB2F2A82B7D84E0006DEF00 /* FriendsData.json */ = {isa = PBXFileReference; fileEncoding = 4; lastKnownFileType = text.json; path = FriendsData.json; sourceTree = "<group>"; };
		0AB2F2AA2B7D85AB006DEF00 /* Friend.swift */ = {isa = PBXFileReference; lastKnownFileType = sourcecode.swift; path = Friend.swift; sourceTree = "<group>"; };
		0AB2F2AE2B7D876B006DEF00 /* ModelData.swift */ = {isa = PBXFileReference; lastKnownFileType = sourcecode.swift; path = ModelData.swift; sourceTree = "<group>"; };
		0AB2F2B42B7D883E006DEF00 /* FriendRow.swift */ = {isa = PBXFileReference; lastKnownFileType = sourcecode.swift; path = FriendRow.swift; sourceTree = "<group>"; };
		0AB2F2B62B7D8936006DEF00 /* FriendsList.swift */ = {isa = PBXFileReference; lastKnownFileType = sourcecode.swift; path = FriendsList.swift; sourceTree = "<group>"; };
		0AB2F2B82B7D8A28006DEF00 /* FriendDetail.swift */ = {isa = PBXFileReference; lastKnownFileType = sourcecode.swift; path = FriendDetail.swift; sourceTree = "<group>"; };
/* End PBXFileReference section */

/* Begin PBXFrameworksBuildPhase section */
		0A4016372B75B44D00B610F3 /* Frameworks */ = {
			isa = PBXFrameworksBuildPhase;
			buildActionMask = 2147483647;
			files = (
			);
			runOnlyForDeploymentPostprocessing = 0;
		};
/* End PBXFrameworksBuildPhase section */

/* Begin PBXGroup section */
		0A4016312B75B44D00B610F3 = {
			isa = PBXGroup;
			children = (
				0A40163C2B75B44D00B610F3 /* SlideEye */,
				0A40163B2B75B44D00B610F3 /* Products */,
			);
			sourceTree = "<group>";
		};
		0A40163B2B75B44D00B610F3 /* Products */ = {
			isa = PBXGroup;
			children = (
				0A40163A2B75B44D00B610F3 /* SlideEye.app */,
			);
			name = Products;
			sourceTree = "<group>";
		};
		0A40163C2B75B44D00B610F3 /* SlideEye */ = {
			isa = PBXGroup;
			children = (
				0A40163D2B75B44D00B610F3 /* SlideEyeApp.swift */,
				0AB2F2B32B7D87EA006DEF00 /* Views */,
				0AB2F2B22B7D87DC006DEF00 /* Model */,
				0AB2F2B12B7D87D0006DEF00 /* Resources */,
				0A4016412B75B44F00B610F3 /* Assets.xcassets */,
				0A4016432B75B44F00B610F3 /* Preview Content */,
			);
			path = SlideEye;
			sourceTree = "<group>";
		};
		0A4016432B75B44F00B610F3 /* Preview Content */ = {
			isa = PBXGroup;
			children = (
				0A4016442B75B44F00B610F3 /* Preview Assets.xcassets */,
			);
			path = "Preview Content";
			sourceTree = "<group>";
		};
		0A4A90A52B8485EF0002BBC9 /* Widgets */ = {
			isa = PBXGroup;
			children = (
				0A4A90A82B896A460002BBC9 /* ClockWidget.swift */,
				0A4A90A32B8485400002BBC9 /* NotesWidget.swift */,
				0A4A90A62B848FAA0002BBC9 /* NotesPage.swift */,
				0A40164D2B75B7FB00B610F3 /* MapView.swift */,
			);
			path = Widgets;
			sourceTree = "<group>";
		};
		0A67013F2B828BBB0055113F /* Helpers */ = {
			isa = PBXGroup;
			children = (
				0A40164B2B75B70900B610F3 /* ProfilePicture.swift */,
				0A40164F2B75BA6A00B610F3 /* FalloffImage.swift */,
				0A67013D2B828A3D0055113F /* FavoriteButton.swift */,
				0A3910542B829F6100A7D5E3 /* BlurredBackground.swift */,
			);
			path = Helpers;
			sourceTree = "<group>";
		};
		0A6701402B828BF80055113F /* Friends */ = {
			isa = PBXGroup;
			children = (
				0AB2F2B42B7D883E006DEF00 /* FriendRow.swift */,
				0AB2F2B62B7D8936006DEF00 /* FriendsList.swift */,
				0AB2F2B82B7D8A28006DEF00 /* FriendDetail.swift */,
			);
			path = Friends;
			sourceTree = "<group>";
		};
		0AB2F2B12B7D87D0006DEF00 /* Resources */ = {
			isa = PBXGroup;
			children = (
				0AB2F2A82B7D84E0006DEF00 /* FriendsData.json */,
			);
			path = Resources;
			sourceTree = "<group>";
		};
		0AB2F2B22B7D87DC006DEF00 /* Model */ = {
			isa = PBXGroup;
			children = (
				0AB2F2AA2B7D85AB006DEF00 /* Friend.swift */,
				0AB2F2AE2B7D876B006DEF00 /* ModelData.swift */,
			);
			path = Model;
			sourceTree = "<group>";
		};
		0AB2F2B32B7D87EA006DEF00 /* Views */ = {
			isa = PBXGroup;
			children = (
				0A40163F2B75B44D00B610F3 /* ContentView.swift */,
				0A6701402B828BF80055113F /* Friends */,
				0A4A90A52B8485EF0002BBC9 /* Widgets */,
				0A67013F2B828BBB0055113F /* Helpers */,
			);
			path = Views;
			sourceTree = "<group>";
		};
/* End PBXGroup section */

/* Begin PBXNativeTarget section */
		0A4016392B75B44D00B610F3 /* SlideEye */ = {
			isa = PBXNativeTarget;
			buildConfigurationList = 0A4016482B75B44F00B610F3 /* Build configuration list for PBXNativeTarget "SlideEye" */;
			buildPhases = (
				0A4016362B75B44D00B610F3 /* Sources */,
				0A4016372B75B44D00B610F3 /* Frameworks */,
				0A4016382B75B44D00B610F3 /* Resources */,
			);
			buildRules = (
			);
			dependencies = (
			);
			name = SlideEye;
			productName = SlideEye;
			productReference = 0A40163A2B75B44D00B610F3 /* SlideEye.app */;
			productType = "com.apple.product-type.application";
		};
/* End PBXNativeTarget section */

/* Begin PBXProject section */
		0A4016322B75B44D00B610F3 /* Project object */ = {
			isa = PBXProject;
			attributes = {
				BuildIndependentTargetsInParallel = 1;
				LastSwiftUpdateCheck = 1520;
				LastUpgradeCheck = 1520;
				TargetAttributes = {
					0A4016392B75B44D00B610F3 = {
						CreatedOnToolsVersion = 15.2;
					};
				};
			};
			buildConfigurationList = 0A4016352B75B44D00B610F3 /* Build configuration list for PBXProject "SlideEye" */;
			compatibilityVersion = "Xcode 14.0";
			developmentRegion = en;
			hasScannedForEncodings = 0;
			knownRegions = (
				en,
				Base,
			);
			mainGroup = 0A4016312B75B44D00B610F3;
			productRefGroup = 0A40163B2B75B44D00B610F3 /* Products */;
			projectDirPath = "";
			projectRoot = "";
			targets = (
				0A4016392B75B44D00B610F3 /* SlideEye */,
			);
		};
/* End PBXProject section */

/* Begin PBXResourcesBuildPhase section */
		0A4016382B75B44D00B610F3 /* Resources */ = {
			isa = PBXResourcesBuildPhase;
			buildActionMask = 2147483647;
			files = (
				0A4016452B75B44F00B610F3 /* Preview Assets.xcassets in Resources */,
				0AB2F2A92B7D84E0006DEF00 /* FriendsData.json in Resources */,
				0A4016422B75B44F00B610F3 /* Assets.xcassets in Resources */,
			);
			runOnlyForDeploymentPostprocessing = 0;
		};
/* End PBXResourcesBuildPhase section */

/* Begin PBXSourcesBuildPhase section */
		0A4016362B75B44D00B610F3 /* Sources */ = {
			isa = PBXSourcesBuildPhase;
			buildActionMask = 2147483647;
			files = (
				0A4016402B75B44D00B610F3 /* ContentView.swift in Sources */,
				0A40164E2B75B7FB00B610F3 /* MapView.swift in Sources */,
				0A4A90A92B896A460002BBC9 /* ClockWidget.swift in Sources */,
				0AB2F2B52B7D883E006DEF00 /* FriendRow.swift in Sources */,
				0A40164C2B75B70900B610F3 /* ProfilePicture.swift in Sources */,
				0AB2F2B92B7D8A28006DEF00 /* FriendDetail.swift in Sources */,
				0AB2F2AB2B7D85AB006DEF00 /* Friend.swift in Sources */,
				0A3910552B829F6100A7D5E3 /* BlurredBackground.swift in Sources */,
				0AB2F2B72B7D8936006DEF00 /* FriendsList.swift in Sources */,
				0A40163E2B75B44D00B610F3 /* SlideEyeApp.swift in Sources */,
				0A4016502B75BA6A00B610F3 /* FalloffImage.swift in Sources */,
				0A4A90A72B848FAA0002BBC9 /* NotesPage.swift in Sources */,
				0A4A90A42B8485410002BBC9 /* NotesWidget.swift in Sources */,
				0A67013E2B828A3D0055113F /* FavoriteButton.swift in Sources */,
				0AB2F2AF2B7D876B006DEF00 /* ModelData.swift in Sources */,
			);
			runOnlyForDeploymentPostprocessing = 0;
		};
/* End PBXSourcesBuildPhase section */

/* Begin XCBuildConfiguration section */
		0A4016462B75B44F00B610F3 /* Debug */ = {
			isa = XCBuildConfiguration;
			buildSettings = {
				ALWAYS_SEARCH_USER_PATHS = NO;
				ASSETCATALOG_COMPILER_GENERATE_SWIFT_ASSET_SYMBOL_EXTENSIONS = YES;
				CLANG_ANALYZER_NONNULL = YES;
				CLANG_ANALYZER_NUMBER_OBJECT_CONVERSION = YES_AGGRESSIVE;
				CLANG_CXX_LANGUAGE_STANDARD = "gnu++20";
				CLANG_ENABLE_MODULES = YES;
				CLANG_ENABLE_OBJC_ARC = YES;
				CLANG_ENABLE_OBJC_WEAK = YES;
				CLANG_WARN_BLOCK_CAPTURE_AUTORELEASING = YES;
				CLANG_WARN_BOOL_CONVERSION = YES;
				CLANG_WARN_COMMA = YES;
				CLANG_WARN_CONSTANT_CONVERSION = YES;
				CLANG_WARN_DEPRECATED_OBJC_IMPLEMENTATIONS = YES;
				CLANG_WARN_DIRECT_OBJC_ISA_USAGE = YES_ERROR;
				CLANG_WARN_DOCUMENTATION_COMMENTS = YES;
				CLANG_WARN_EMPTY_BODY = YES;
				CLANG_WARN_ENUM_CONVERSION = YES;
				CLANG_WARN_INFINITE_RECURSION = YES;
				CLANG_WARN_INT_CONVERSION = YES;
				CLANG_WARN_NON_LITERAL_NULL_CONVERSION = YES;
				CLANG_WARN_OBJC_IMPLICIT_RETAIN_SELF = YES;
				CLANG_WARN_OBJC_LITERAL_CONVERSION = YES;
				CLANG_WARN_OBJC_ROOT_CLASS = YES_ERROR;
				CLANG_WARN_QUOTED_INCLUDE_IN_FRAMEWORK_HEADER = YES;
				CLANG_WARN_RANGE_LOOP_ANALYSIS = YES;
				CLANG_WARN_STRICT_PROTOTYPES = YES;
				CLANG_WARN_SUSPICIOUS_MOVE = YES;
				CLANG_WARN_UNGUARDED_AVAILABILITY = YES_AGGRESSIVE;
				CLANG_WARN_UNREACHABLE_CODE = YES;
				CLANG_WARN__DUPLICATE_METHOD_MATCH = YES;
				COPY_PHASE_STRIP = NO;
				DEBUG_INFORMATION_FORMAT = dwarf;
				ENABLE_STRICT_OBJC_MSGSEND = YES;
				ENABLE_TESTABILITY = YES;
				ENABLE_USER_SCRIPT_SANDBOXING = YES;
				GCC_C_LANGUAGE_STANDARD = gnu17;
				GCC_DYNAMIC_NO_PIC = NO;
				GCC_NO_COMMON_BLOCKS = YES;
				GCC_OPTIMIZATION_LEVEL = 0;
				GCC_PREPROCESSOR_DEFINITIONS = (
					"DEBUG=1",
					"$(inherited)",
				);
				GCC_WARN_64_TO_32_BIT_CONVERSION = YES;
				GCC_WARN_ABOUT_RETURN_TYPE = YES_ERROR;
				GCC_WARN_UNDECLARED_SELECTOR = YES;
				GCC_WARN_UNINITIALIZED_AUTOS = YES_AGGRESSIVE;
				GCC_WARN_UNUSED_FUNCTION = YES;
				GCC_WARN_UNUSED_VARIABLE = YES;
				IPHONEOS_DEPLOYMENT_TARGET = 17.2;
				LOCALIZATION_PREFERS_STRING_CATALOGS = YES;
				MTL_ENABLE_DEBUG_INFO = INCLUDE_SOURCE;
				MTL_FAST_MATH = YES;
				ONLY_ACTIVE_ARCH = YES;
				SDKROOT = iphoneos;
				SWIFT_ACTIVE_COMPILATION_CONDITIONS = "DEBUG $(inherited)";
				SWIFT_OPTIMIZATION_LEVEL = "-Onone";
			};
			name = Debug;
		};
		0A4016472B75B44F00B610F3 /* Release */ = {
			isa = XCBuildConfiguration;
			buildSettings = {
				ALWAYS_SEARCH_USER_PATHS = NO;
				ASSETCATALOG_COMPILER_GENERATE_SWIFT_ASSET_SYMBOL_EXTENSIONS = YES;
				CLANG_ANALYZER_NONNULL = YES;
				CLANG_ANALYZER_NUMBER_OBJECT_CONVERSION = YES_AGGRESSIVE;
				CLANG_CXX_LANGUAGE_STANDARD = "gnu++20";
				CLANG_ENABLE_MODULES = YES;
				CLANG_ENABLE_OBJC_ARC = YES;
				CLANG_ENABLE_OBJC_WEAK = YES;
				CLANG_WARN_BLOCK_CAPTURE_AUTORELEASING = YES;
				CLANG_WARN_BOOL_CONVERSION = YES;
				CLANG_WARN_COMMA = YES;
				CLANG_WARN_CONSTANT_CONVERSION = YES;
				CLANG_WARN_DEPRECATED_OBJC_IMPLEMENTATIONS = YES;
				CLANG_WARN_DIRECT_OBJC_ISA_USAGE = YES_ERROR;
				CLANG_WARN_DOCUMENTATION_COMMENTS = YES;
				CLANG_WARN_EMPTY_BODY = YES;
				CLANG_WARN_ENUM_CONVERSION = YES;
				CLANG_WARN_INFINITE_RECURSION = YES;
				CLANG_WARN_INT_CONVERSION = YES;
				CLANG_WARN_NON_LITERAL_NULL_CONVERSION = YES;
				CLANG_WARN_OBJC_IMPLICIT_RETAIN_SELF = YES;
				CLANG_WARN_OBJC_LITERAL_CONVERSION = YES;
				CLANG_WARN_OBJC_ROOT_CLASS = YES_ERROR;
				CLANG_WARN_QUOTED_INCLUDE_IN_FRAMEWORK_HEADER = YES;
				CLANG_WARN_RANGE_LOOP_ANALYSIS = YES;
				CLANG_WARN_STRICT_PROTOTYPES = YES;
				CLANG_WARN_SUSPICIOUS_MOVE = YES;
				CLANG_WARN_UNGUARDED_AVAILABILITY = YES_AGGRESSIVE;
				CLANG_WARN_UNREACHABLE_CODE = YES;
				CLANG_WARN__DUPLICATE_METHOD_MATCH = YES;
				COPY_PHASE_STRIP = NO;
				DEBUG_INFORMATION_FORMAT = "dwarf-with-dsym";
				ENABLE_NS_ASSERTIONS = NO;
				ENABLE_STRICT_OBJC_MSGSEND = YES;
				ENABLE_USER_SCRIPT_SANDBOXING = YES;
				GCC_C_LANGUAGE_STANDARD = gnu17;
				GCC_NO_COMMON_BLOCKS = YES;
				GCC_WARN_64_TO_32_BIT_CONVERSION = YES;
				GCC_WARN_ABOUT_RETURN_TYPE = YES_ERROR;
				GCC_WARN_UNDECLARED_SELECTOR = YES;
				GCC_WARN_UNINITIALIZED_AUTOS = YES_AGGRESSIVE;
				GCC_WARN_UNUSED_FUNCTION = YES;
				GCC_WARN_UNUSED_VARIABLE = YES;
				IPHONEOS_DEPLOYMENT_TARGET = 17.2;
				LOCALIZATION_PREFERS_STRING_CATALOGS = YES;
				MTL_ENABLE_DEBUG_INFO = NO;
				MTL_FAST_MATH = YES;
				SDKROOT = iphoneos;
				SWIFT_COMPILATION_MODE = wholemodule;
				VALIDATE_PRODUCT = YES;
			};
			name = Release;
		};
		0A4016492B75B44F00B610F3 /* Debug */ = {
			isa = XCBuildConfiguration;
			buildSettings = {
				ASSETCATALOG_COMPILER_APPICON_NAME = AppIcon;
				ASSETCATALOG_COMPILER_GLOBAL_ACCENT_COLOR_NAME = AccentColor;
				CODE_SIGN_STYLE = Automatic;
				CURRENT_PROJECT_VERSION = 1;
				DEVELOPMENT_ASSET_PATHS = "\"SlideEye/Preview Content\"";
				DEVELOPMENT_TEAM = V2LFV8MLMD;
				ENABLE_PREVIEWS = YES;
				GENERATE_INFOPLIST_FILE = YES;
				INFOPLIST_KEY_UIApplicationSceneManifest_Generation = YES;
				INFOPLIST_KEY_UIApplicationSupportsIndirectInputEvents = YES;
				INFOPLIST_KEY_UILaunchScreen_Generation = YES;
				INFOPLIST_KEY_UISupportedInterfaceOrientations_iPad = "UIInterfaceOrientationPortrait UIInterfaceOrientationPortraitUpsideDown UIInterfaceOrientationLandscapeLeft UIInterfaceOrientationLandscapeRight";
				INFOPLIST_KEY_UISupportedInterfaceOrientations_iPhone = "UIInterfaceOrientationPortrait UIInterfaceOrientationLandscapeLeft UIInterfaceOrientationLandscapeRight";
				LD_RUNPATH_SEARCH_PATHS = (
					"$(inherited)",
					"@executable_path/Frameworks",
				);
				MARKETING_VERSION = 1.0;
				PRODUCT_BUNDLE_IDENTIFIER = "Blindside-Studios.SlideEye";
				PRODUCT_NAME = "$(TARGET_NAME)";
				SWIFT_EMIT_LOC_STRINGS = YES;
				SWIFT_VERSION = 5.0;
				TARGETED_DEVICE_FAMILY = "1,2";
			};
			name = Debug;
		};
		0A40164A2B75B44F00B610F3 /* Release */ = {
			isa = XCBuildConfiguration;
			buildSettings = {
				ASSETCATALOG_COMPILER_APPICON_NAME = AppIcon;
				ASSETCATALOG_COMPILER_GLOBAL_ACCENT_COLOR_NAME = AccentColor;
				CODE_SIGN_STYLE = Automatic;
				CURRENT_PROJECT_VERSION = 1;
				DEVELOPMENT_ASSET_PATHS = "\"SlideEye/Preview Content\"";
				DEVELOPMENT_TEAM = V2LFV8MLMD;
				ENABLE_PREVIEWS = YES;
				GENERATE_INFOPLIST_FILE = YES;
				INFOPLIST_KEY_UIApplicationSceneManifest_Generation = YES;
				INFOPLIST_KEY_UIApplicationSupportsIndirectInputEvents = YES;
				INFOPLIST_KEY_UILaunchScreen_Generation = YES;
				INFOPLIST_KEY_UISupportedInterfaceOrientations_iPad = "UIInterfaceOrientationPortrait UIInterfaceOrientationPortraitUpsideDown UIInterfaceOrientationLandscapeLeft UIInterfaceOrientationLandscapeRight";
				INFOPLIST_KEY_UISupportedInterfaceOrientations_iPhone = "UIInterfaceOrientationPortrait UIInterfaceOrientationLandscapeLeft UIInterfaceOrientationLandscapeRight";
				LD_RUNPATH_SEARCH_PATHS = (
					"$(inherited)",
					"@executable_path/Frameworks",
				);
				MARKETING_VERSION = 1.0;
				PRODUCT_BUNDLE_IDENTIFIER = "Blindside-Studios.SlideEye";
				PRODUCT_NAME = "$(TARGET_NAME)";
				SWIFT_EMIT_LOC_STRINGS = YES;
				SWIFT_VERSION = 5.0;
				TARGETED_DEVICE_FAMILY = "1,2";
			};
			name = Release;
		};
/* End XCBuildConfiguration section */

/* Begin XCConfigurationList section */
		0A4016352B75B44D00B610F3 /* Build configuration list for PBXProject "SlideEye" */ = {
			isa = XCConfigurationList;
			buildConfigurations = (
				0A4016462B75B44F00B610F3 /* Debug */,
				0A4016472B75B44F00B610F3 /* Release */,
			);
			defaultConfigurationIsVisible = 0;
			defaultConfigurationName = Release;
		};
		0A4016482B75B44F00B610F3 /* Build configuration list for PBXNativeTarget "SlideEye" */ = {
			isa = XCConfigurationList;
			buildConfigurations = (
				0A4016492B75B44F00B610F3 /* Debug */,
				0A40164A2B75B44F00B610F3 /* Release */,
			);
			defaultConfigurationIsVisible = 0;
			defaultConfigurationName = Release;
		};
/* End XCConfigurationList section */
	};
	rootObject = 0A4016322B75B44D00B610F3 /* Project object */;
}
